
Microsoft Visual Studio Solution File, Format Version 12.00
# Visual Studio 2012
Project("{FAE04EC0-301F-11D3-BF4B-00C04F79EFBC}") = "eXpand.XafMVVM.Module", "eXpand.XafMVVM.Module\eXpand.XafMVVM.Module.csproj", "{5F15837D-D1E5-44DC-92F0-4F2EBE9C3F8D}"
EndProject
Project("{FAE04EC0-301F-11D3-BF4B-00C04F79EFBC}") = "eXpand.XafMVVM.Module.Web", "eXpand.XafMVVM.Module.Web\eXpand.XafMVVM.Module.Web.csproj", "{0C729AAD-7626-4668-A7F1-35F7D240489D}"
EndProject
Project("{FAE04EC0-301F-11D3-BF4B-00C04F79EFBC}") = "eXpand.XafMVVM.Web", "eXpand.XafMVVM.Web\eXpand.XafMVVM.Web.csproj", "{82A6DBC9-B1B4-44E4-9718-55DF930CD349}"
EndProject
Project("{FAE04EC0-301F-11D3-BF4B-00C04F79EFBC}") = "eXpand.XafMVVM.Module.Win", "eXpand.XafMVVM.Module.Win\eXpand.XafMVVM.Module.Win.csproj", "{7964F87D-BC5D-4C4E-8B2F-71E89739AA97}"
EndProject
Project("{FAE04EC0-301F-11D3-BF4B-00C04F79EFBC}") = "eXpand.XafMVVM.Win", "eXpand.XafMVVM.Win\eXpand.XafMVVM.Win.csproj", "{D05D93DF-312D-4D4E-B980-726871EC7833}"
EndProject
Project("{2150E333-8FDC-42A3-9474-1A3956D46DE8}") = "Demos", "Demos", "{63D767EF-B8F2-41A4-BE0B-A926793DBC80}"
EndProject
Project("{2150E333-8FDC-42A3-9474-1A3956D46DE8}") = "Modules", "Modules", "{253A65B2-189C-4DD1-A653-0A3186AC40B4}"
EndProject
Project("{FAE04EC0-301F-11D3-BF4B-00C04F79EFBC}") = "Xpand.ExpressApp.XafMVVM", "..\Xpand.ExpressApp.XafMVVM\Xpand.ExpressApp.XafMVVM\Xpand.ExpressApp.XafMVVM.csproj", "{C3A90309-E359-41DF-B6AC-C8EBE4225090}"
EndProject
Project("{FAE04EC0-301F-11D3-BF4B-00C04F79EFBC}") = "Xpand.ExpressApp.XafMVVMTests", "Xpand.ExpressApp.XafMVVMTests\Xpand.ExpressApp.XafMVVMTests.csproj", "{DCFE8C2C-4993-4B2D-ADB6-5D8232EBAA36}"
EndProject
Global
	GlobalSection(SolutionConfigurationPlatforms) = preSolution
		Debug|Any CPU = Debug|Any CPU
		EasyTest|Any CPU = EasyTest|Any CPU
		Release|Any CPU = Release|Any CPU
	EndGlobalSection
	GlobalSection(ProjectConfigurationPlatforms) = postSolution
		{5F15837D-D1E5-44DC-92F0-4F2EBE9C3F8D}.Debug|Any CPU.ActiveCfg = Debug|Any CPU
		{5F15837D-D1E5-44DC-92F0-4F2EBE9C3F8D}.Debug|Any CPU.Build.0 = Debug|Any CPU
		{5F15837D-D1E5-44DC-92F0-4F2EBE9C3F8D}.EasyTest|Any CPU.ActiveCfg = EasyTest|Any CPU
		{5F15837D-D1E5-44DC-92F0-4F2EBE9C3F8D}.EasyTest|Any CPU.Build.0 = EasyTest|Any CPU
		{5F15837D-D1E5-44DC-92F0-4F2EBE9C3F8D}.Release|Any CPU.ActiveCfg = Release|Any CPU
		{5F15837D-D1E5-44DC-92F0-4F2EBE9C3F8D}.Release|Any CPU.Build.0 = Release|Any CPU
		{0C729AAD-7626-4668-A7F1-35F7D240489D}.Debug|Any CPU.ActiveCfg = Debug|Any CPU
		{0C729AAD-7626-4668-A7F1-35F7D240489D}.Debug|Any CPU.Build.0 = Debug|Any CPU
		{0C729AAD-7626-4668-A7F1-35F7D240489D}.EasyTest|Any CPU.ActiveCfg = EasyTest|Any CPU
		{0C729AAD-7626-4668-A7F1-35F7D240489D}.EasyTest|Any CPU.Build.0 = EasyTest|Any CPU
		{0C729AAD-7626-4668-A7F1-35F7D240489D}.Release|Any CPU.ActiveCfg = Release|Any CPU
		{0C729AAD-7626-4668-A7F1-35F7D240489D}.Release|Any CPU.Build.0 = Release|Any CPU
		{82A6DBC9-B1B4-44E4-9718-55DF930CD349}.Debug|Any CPU.ActiveCfg = Debug|Any CPU
		{82A6DBC9-B1B4-44E4-9718-55DF930CD349}.Debug|Any CPU.Build.0 = Debug|Any CPU
		{82A6DBC9-B1B4-44E4-9718-55DF930CD349}.EasyTest|Any CPU.ActiveCfg = EasyTest|Any CPU
		{82A6DBC9-B1B4-44E4-9718-55DF930CD349}.EasyTest|Any CPU.Build.0 = EasyTest|Any CPU
		{82A6DBC9-B1B4-44E4-9718-55DF930CD349}.Release|Any CPU.ActiveCfg = Release|Any CPU
		{82A6DBC9-B1B4-44E4-9718-55DF930CD349}.Release|Any CPU.Build.0 = Release|Any CPU
		{7964F87D-BC5D-4C4E-8B2F-71E89739AA97}.Debug|Any CPU.ActiveCfg = Debug|Any CPU
		{7964F87D-BC5D-4C4E-8B2F-71E89739AA97}.Debug|Any CPU.Build.0 = Debug|Any CPU
		{7964F87D-BC5D-4C4E-8B2F-71E89739AA97}.EasyTest|Any CPU.ActiveCfg = EasyTest|Any CPU
		{7964F87D-BC5D-4C4E-8B2F-71E89739AA97}.EasyTest|Any CPU.Build.0 = EasyTest|Any CPU
		{7964F87D-BC5D-4C4E-8B2F-71E89739AA97}.Release|Any CPU.ActiveCfg = Release|Any CPU
		{7964F87D-BC5D-4C4E-8B2F-71E89739AA97}.Release|Any CPU.Build.0 = Release|Any CPU
		{D05D93DF-312D-4D4E-B980-726871EC7833}.Debug|Any CPU.ActiveCfg = Debug|Any CPU
		{D05D93DF-312D-4D4E-B980-726871EC7833}.Debug|Any CPU.Build.0 = Debug|Any CPU
		{D05D93DF-312D-4D4E-B980-726871EC7833}.EasyTest|Any CPU.ActiveCfg = EasyTest|Any CPU
		{D05D93DF-312D-4D4E-B980-726871EC7833}.EasyTest|Any CPU.Build.0 = EasyTest|Any CPU
		{D05D93DF-312D-4D4E-B980-726871EC7833}.Release|Any CPU.ActiveCfg = Release|Any CPU
		{D05D93DF-312D-4D4E-B980-726871EC7833}.Release|Any CPU.Build.0 = Release|Any CPU
		{C3A90309-E359-41DF-B6AC-C8EBE4225090}.Debug|Any CPU.ActiveCfg = Debug|Any CPU
		{C3A90309-E359-41DF-B6AC-C8EBE4225090}.Debug|Any CPU.Build.0 = Debug|Any CPU
		{C3A90309-E359-41DF-B6AC-C8EBE4225090}.EasyTest|Any CPU.ActiveCfg = Release|Any CPU
		{C3A90309-E359-41DF-B6AC-C8EBE4225090}.EasyTest|Any CPU.Build.0 = Release|Any CPU
		{C3A90309-E359-41DF-B6AC-C8EBE4225090}.Release|Any CPU.ActiveCfg = Release|Any CPU
		{C3A90309-E359-41DF-B6AC-C8EBE4225090}.Release|Any CPU.Build.0 = Release|Any CPU
		{DCFE8C2C-4993-4B2D-ADB6-5D8232EBAA36}.Debug|Any CPU.ActiveCfg = Debug|Any CPU
		{DCFE8C2C-4993-4B2D-ADB6-5D8232EBAA36}.Debug|Any CPU.Build.0 = Debug|Any CPU
		{DCFE8C2C-4993-4B2D-ADB6-5D8232EBAA36}.EasyTest|Any CPU.ActiveCfg = Release|Any CPU
		{DCFE8C2C-4993-4B2D-ADB6-5D8232EBAA36}.EasyTest|Any CPU.Build.0 = Release|Any CPU
		{DCFE8C2C-4993-4B2D-ADB6-5D8232EBAA36}.Release|Any CPU.ActiveCfg = Release|Any CPU
		{DCFE8C2C-4993-4B2D-ADB6-5D8232EBAA36}.Release|Any CPU.Build.0 = Release|Any CPU
	EndGlobalSection
	GlobalSection(SolutionProperties) = preSolution
		HideSolutionNode = FALSE
	EndGlobalSection
	GlobalSection(NestedProjects) = preSolution
		{5F15837D-D1E5-44DC-92F0-4F2EBE9C3F8D} = {63D767EF-B8F2-41A4-BE0B-A926793DBC80}
		{0C729AAD-7626-4668-A7F1-35F7D240489D} = {63D767EF-B8F2-41A4-BE0B-A926793DBC80}
		{7964F87D-BC5D-4C4E-8B2F-71E89739AA97} = {63D767EF-B8F2-41A4-BE0B-A926793DBC80}
		{82A6DBC9-B1B4-44E4-9718-55DF930CD349} = {63D767EF-B8F2-41A4-BE0B-A926793DBC80}
		{D05D93DF-312D-4D4E-B980-726871EC7833} = {63D767EF-B8F2-41A4-BE0B-A926793DBC80}
		{C3A90309-E359-41DF-B6AC-C8EBE4225090} = {253A65B2-189C-4DD1-A653-0A3186AC40B4}
		{DCFE8C2C-4993-4B2D-ADB6-5D8232EBAA36} = {253A65B2-189C-4DD1-A653-0A3186AC40B4}
	EndGlobalSection
EndGlobal
