
Microsoft Visual Studio Solution File, Format Version 12.00
# Visual Studio 2012
Project("{2150E333-8FDC-42A3-9474-1A3956D46DE8}") = "Demos", "Demos", "{63D767EF-B8F2-41A4-BE0B-A926793DBC80}"
EndProject
Project("{2150E333-8FDC-42A3-9474-1A3956D46DE8}") = "XMVVM", "XMVVM", "{253A65B2-189C-4DD1-A653-0A3186AC40B4}"
EndProject
Project("{FAE04EC0-301F-11D3-BF4B-00C04F79EFBC}") = "XMVVM.ExpressApp.Demos.Module", "XMVVM\XMVVM.ExpressApp.Demos\XMVVM.ExpressApp.Demos.Module\XMVVM.ExpressApp.Demos.Module.csproj", "{5F15837D-D1E5-44DC-92F0-4F2EBE9C3F8D}"
EndProject
Project("{FAE04EC0-301F-11D3-BF4B-00C04F79EFBC}") = "XMVVM.ExpressApp.Demos.Module.Win", "XMVVM\XMVVM.ExpressApp.Demos\XMVVM.ExpressApp.Demos.Module.Win\XMVVM.ExpressApp.Demos.Module.Win.csproj", "{7964F87D-BC5D-4C4E-8B2F-71E89739AA97}"
EndProject
Project("{FAE04EC0-301F-11D3-BF4B-00C04F79EFBC}") = "XMVVM.ExpressApp.Demos.Module.Web", "XMVVM\XMVVM.ExpressApp.Demos\XMVVM.ExpressApp.Demos.Module.Web\XMVVM.ExpressApp.Demos.Module.Web.csproj", "{0C729AAD-7626-4668-A7F1-35F7D240489D}"
EndProject
Project("{FAE04EC0-301F-11D3-BF4B-00C04F79EFBC}") = "XMVVM.ExpressApp.Demos.Web", "XMVVM\XMVVM.ExpressApp.Demos\XMVVM.ExpressApp.Demos.Web\XMVVM.ExpressApp.Demos.Web.csproj", "{82A6DBC9-B1B4-44E4-9718-55DF930CD349}"
EndProject
Project("{FAE04EC0-301F-11D3-BF4B-00C04F79EFBC}") = "XMVVM.ExpressApp.Demos.Win", "XMVVM\XMVVM.ExpressApp.Demos\XMVVM.ExpressApp.Demos.Win\XMVVM.ExpressApp.Demos.Win.csproj", "{D05D93DF-312D-4D4E-B980-726871EC7833}"
EndProject
Project("{FAE04EC0-301F-11D3-BF4B-00C04F79EFBC}") = "XMVVM.ExpressApp", "XMVVM\XMVVM.ExpressApp\XMVVM.ExpressApp\XMVVM.ExpressApp.csproj", "{C3A90309-E359-41DF-B6AC-C8EBE4225090}"
EndProject
Project("{FAE04EC0-301F-11D3-BF4B-00C04F79EFBC}") = "XMVVM.ExpressApp.Tests", "XMVVM\XMVVM.ExpressApp\XMVVM.ExpressApp.Tests\XMVVM.ExpressApp.Tests.csproj", "{DCFE8C2C-4993-4B2D-ADB6-5D8232EBAA36}"
EndProject
Project("{FAE04EC0-301F-11D3-BF4B-00C04F79EFBC}") = "XMVVM.ExpressApp.Win", "XMVVM\XMVVM.ExpressApp\XMVVM.ExpressApp.Win\XMVVM.ExpressApp.Win.csproj", "{567AC821-CFB9-496C-9855-15381E8F91C5}"
EndProject
Project("{FAE04EC0-301F-11D3-BF4B-00C04F79EFBC}") = "XMVVM.ExpressApp.Win.Test", "XMVVM\XMVVM.ExpressApp\XMVVM.ExpressApp.Win.Test\XMVVM.ExpressApp.Win.Test.csproj", "{C6BA4490-17BB-4B59-B3CD-006F59632E96}"
EndProject
Project("{FAE04EC0-301F-11D3-BF4B-00C04F79EFBC}") = "XMVVM.ExpressApp.Web.Test", "XMVVM\XMVVM.ExpressApp\XMVVM.ExpressApp.Web.Test\XMVVM.ExpressApp.Web.Test.csproj", "{A5FB032C-DAED-476F-A563-4ABFD7EE5635}"
EndProject
Project("{FAE04EC0-301F-11D3-BF4B-00C04F79EFBC}") = "XMVVM.ExpressApp.Web", "XMVVM\XMVVM.ExpressApp\XMVVM.ExpressApp.Web\XMVVM.ExpressApp.Web.csproj", "{CED41875-1F7B-44DB-B3D6-9F8A68793890}"
EndProject
Project("{FAE04EC0-301F-11D3-BF4B-00C04F79EFBC}") = "XMVVM.ExpressApp.Xpo", "XMVVM\XMVVM.ExpressApp\XMVVM.ExpressApp.Xpo\XMVVM.ExpressApp.Xpo.csproj", "{E0D01C04-A937-4415-98E3-866E764A9A5A}"
EndProject
Project("{FAE04EC0-301F-11D3-BF4B-00C04F79EFBC}") = "XMVVM.ExpressApp.Xpo.Tests", "XMVVM\XMVVM.ExpressApp\XMVVM.ExpressApp.Xpo.Tests\XMVVM.ExpressApp.Xpo.Tests.csproj", "{6C26BC52-8E4C-4969-A670-CC29D14BB019}"
EndProject
Project("{FAE04EC0-301F-11D3-BF4B-00C04F79EFBC}") = "XMVVM.ExpressApp.EF.Tests", "XMVVM\XMVVM.ExpressApp\XMVVM.ExpressApp.EF.Tests\XMVVM.ExpressApp.EF.Tests.csproj", "{32686E0B-9C1A-42E0-A105-5E031496E813}"
EndProject
Project("{FAE04EC0-301F-11D3-BF4B-00C04F79EFBC}") = "XMVVM.ExpressApp.EF", "XMVVM\XMVVM.ExpressApp\XMVVM.ExpressApp.EF\XMVVM.ExpressApp.EF.csproj", "{114543B0-5ED7-4E01-B86C-804F68163A25}"
EndProject
Project("{2150E333-8FDC-42A3-9474-1A3956D46DE8}") = "ORM", "ORM", "{EF8833F0-4F83-44ED-88AD-5FD302AE5AE9}"
EndProject
Project("{2150E333-8FDC-42A3-9474-1A3956D46DE8}") = ".nuget", ".nuget", "{5A023B12-144E-457E-9F11-F284FE16BE31}"
	ProjectSection(SolutionItems) = preProject
		.nuget\NuGet.Config = .nuget\NuGet.Config
		.nuget\NuGet.exe = .nuget\NuGet.exe
		.nuget\NuGet.targets = .nuget\NuGet.targets
	EndProjectSection
EndProject
Project("{FAE04EC0-301F-11D3-BF4B-00C04F79EFBC}") = "XMMVM.Data", "XMVVM\XMMVM.Data\XMMVM.Data.csproj", "{25CB6F28-349D-479B-B093-80B0B8A4E08B}"
EndProject
Global
	GlobalSection(SolutionConfigurationPlatforms) = preSolution
		Debug|Any CPU = Debug|Any CPU
		EasyTest|Any CPU = EasyTest|Any CPU
		Release|Any CPU = Release|Any CPU
	EndGlobalSection
	GlobalSection(ProjectConfigurationPlatforms) = postSolution
		{5F15837D-D1E5-44DC-92F0-4F2EBE9C3F8D}.Debug|Any CPU.ActiveCfg = Debug|Any CPU
		{5F15837D-D1E5-44DC-92F0-4F2EBE9C3F8D}.Debug|Any CPU.Build.0 = Debug|Any CPU
		{5F15837D-D1E5-44DC-92F0-4F2EBE9C3F8D}.EasyTest|Any CPU.ActiveCfg = EasyTest|Any CPU
		{5F15837D-D1E5-44DC-92F0-4F2EBE9C3F8D}.EasyTest|Any CPU.Build.0 = EasyTest|Any CPU
		{5F15837D-D1E5-44DC-92F0-4F2EBE9C3F8D}.Release|Any CPU.ActiveCfg = Release|Any CPU
		{5F15837D-D1E5-44DC-92F0-4F2EBE9C3F8D}.Release|Any CPU.Build.0 = Release|Any CPU
		{7964F87D-BC5D-4C4E-8B2F-71E89739AA97}.Debug|Any CPU.ActiveCfg = Debug|Any CPU
		{7964F87D-BC5D-4C4E-8B2F-71E89739AA97}.Debug|Any CPU.Build.0 = Debug|Any CPU
		{7964F87D-BC5D-4C4E-8B2F-71E89739AA97}.EasyTest|Any CPU.ActiveCfg = EasyTest|Any CPU
		{7964F87D-BC5D-4C4E-8B2F-71E89739AA97}.EasyTest|Any CPU.Build.0 = EasyTest|Any CPU
		{7964F87D-BC5D-4C4E-8B2F-71E89739AA97}.Release|Any CPU.ActiveCfg = Release|Any CPU
		{7964F87D-BC5D-4C4E-8B2F-71E89739AA97}.Release|Any CPU.Build.0 = Release|Any CPU
		{0C729AAD-7626-4668-A7F1-35F7D240489D}.Debug|Any CPU.ActiveCfg = Debug|Any CPU
		{0C729AAD-7626-4668-A7F1-35F7D240489D}.Debug|Any CPU.Build.0 = Debug|Any CPU
		{0C729AAD-7626-4668-A7F1-35F7D240489D}.EasyTest|Any CPU.ActiveCfg = EasyTest|Any CPU
		{0C729AAD-7626-4668-A7F1-35F7D240489D}.EasyTest|Any CPU.Build.0 = EasyTest|Any CPU
		{0C729AAD-7626-4668-A7F1-35F7D240489D}.Release|Any CPU.ActiveCfg = Release|Any CPU
		{0C729AAD-7626-4668-A7F1-35F7D240489D}.Release|Any CPU.Build.0 = Release|Any CPU
		{82A6DBC9-B1B4-44E4-9718-55DF930CD349}.Debug|Any CPU.ActiveCfg = Debug|Any CPU
		{82A6DBC9-B1B4-44E4-9718-55DF930CD349}.Debug|Any CPU.Build.0 = Debug|Any CPU
		{82A6DBC9-B1B4-44E4-9718-55DF930CD349}.EasyTest|Any CPU.ActiveCfg = EasyTest|Any CPU
		{82A6DBC9-B1B4-44E4-9718-55DF930CD349}.EasyTest|Any CPU.Build.0 = EasyTest|Any CPU
		{82A6DBC9-B1B4-44E4-9718-55DF930CD349}.Release|Any CPU.ActiveCfg = Release|Any CPU
		{82A6DBC9-B1B4-44E4-9718-55DF930CD349}.Release|Any CPU.Build.0 = Release|Any CPU
		{D05D93DF-312D-4D4E-B980-726871EC7833}.Debug|Any CPU.ActiveCfg = Debug|Any CPU
		{D05D93DF-312D-4D4E-B980-726871EC7833}.Debug|Any CPU.Build.0 = Debug|Any CPU
		{D05D93DF-312D-4D4E-B980-726871EC7833}.EasyTest|Any CPU.ActiveCfg = EasyTest|Any CPU
		{D05D93DF-312D-4D4E-B980-726871EC7833}.EasyTest|Any CPU.Build.0 = EasyTest|Any CPU
		{D05D93DF-312D-4D4E-B980-726871EC7833}.Release|Any CPU.ActiveCfg = Release|Any CPU
		{D05D93DF-312D-4D4E-B980-726871EC7833}.Release|Any CPU.Build.0 = Release|Any CPU
		{C3A90309-E359-41DF-B6AC-C8EBE4225090}.Debug|Any CPU.ActiveCfg = Debug|Any CPU
		{C3A90309-E359-41DF-B6AC-C8EBE4225090}.Debug|Any CPU.Build.0 = Debug|Any CPU
		{C3A90309-E359-41DF-B6AC-C8EBE4225090}.EasyTest|Any CPU.ActiveCfg = Release|Any CPU
		{C3A90309-E359-41DF-B6AC-C8EBE4225090}.EasyTest|Any CPU.Build.0 = Release|Any CPU
		{C3A90309-E359-41DF-B6AC-C8EBE4225090}.Release|Any CPU.ActiveCfg = Release|Any CPU
		{C3A90309-E359-41DF-B6AC-C8EBE4225090}.Release|Any CPU.Build.0 = Release|Any CPU
		{DCFE8C2C-4993-4B2D-ADB6-5D8232EBAA36}.Debug|Any CPU.ActiveCfg = Debug|Any CPU
		{DCFE8C2C-4993-4B2D-ADB6-5D8232EBAA36}.Debug|Any CPU.Build.0 = Debug|Any CPU
		{DCFE8C2C-4993-4B2D-ADB6-5D8232EBAA36}.EasyTest|Any CPU.ActiveCfg = Release|Any CPU
		{DCFE8C2C-4993-4B2D-ADB6-5D8232EBAA36}.EasyTest|Any CPU.Build.0 = Release|Any CPU
		{DCFE8C2C-4993-4B2D-ADB6-5D8232EBAA36}.Release|Any CPU.ActiveCfg = Release|Any CPU
		{DCFE8C2C-4993-4B2D-ADB6-5D8232EBAA36}.Release|Any CPU.Build.0 = Release|Any CPU
		{567AC821-CFB9-496C-9855-15381E8F91C5}.Debug|Any CPU.ActiveCfg = Debug|Any CPU
		{567AC821-CFB9-496C-9855-15381E8F91C5}.Debug|Any CPU.Build.0 = Debug|Any CPU
		{567AC821-CFB9-496C-9855-15381E8F91C5}.EasyTest|Any CPU.ActiveCfg = Release|Any CPU
		{567AC821-CFB9-496C-9855-15381E8F91C5}.EasyTest|Any CPU.Build.0 = Release|Any CPU
		{567AC821-CFB9-496C-9855-15381E8F91C5}.Release|Any CPU.ActiveCfg = Release|Any CPU
		{567AC821-CFB9-496C-9855-15381E8F91C5}.Release|Any CPU.Build.0 = Release|Any CPU
		{C6BA4490-17BB-4B59-B3CD-006F59632E96}.Debug|Any CPU.ActiveCfg = Debug|Any CPU
		{C6BA4490-17BB-4B59-B3CD-006F59632E96}.Debug|Any CPU.Build.0 = Debug|Any CPU
		{C6BA4490-17BB-4B59-B3CD-006F59632E96}.EasyTest|Any CPU.ActiveCfg = Release|Any CPU
		{C6BA4490-17BB-4B59-B3CD-006F59632E96}.EasyTest|Any CPU.Build.0 = Release|Any CPU
		{C6BA4490-17BB-4B59-B3CD-006F59632E96}.Release|Any CPU.ActiveCfg = Release|Any CPU
		{C6BA4490-17BB-4B59-B3CD-006F59632E96}.Release|Any CPU.Build.0 = Release|Any CPU
		{A5FB032C-DAED-476F-A563-4ABFD7EE5635}.Debug|Any CPU.ActiveCfg = Debug|Any CPU
		{A5FB032C-DAED-476F-A563-4ABFD7EE5635}.Debug|Any CPU.Build.0 = Debug|Any CPU
		{A5FB032C-DAED-476F-A563-4ABFD7EE5635}.EasyTest|Any CPU.ActiveCfg = Release|Any CPU
		{A5FB032C-DAED-476F-A563-4ABFD7EE5635}.EasyTest|Any CPU.Build.0 = Release|Any CPU
		{A5FB032C-DAED-476F-A563-4ABFD7EE5635}.Release|Any CPU.ActiveCfg = Release|Any CPU
		{A5FB032C-DAED-476F-A563-4ABFD7EE5635}.Release|Any CPU.Build.0 = Release|Any CPU
		{CED41875-1F7B-44DB-B3D6-9F8A68793890}.Debug|Any CPU.ActiveCfg = Debug|Any CPU
		{CED41875-1F7B-44DB-B3D6-9F8A68793890}.Debug|Any CPU.Build.0 = Debug|Any CPU
		{CED41875-1F7B-44DB-B3D6-9F8A68793890}.EasyTest|Any CPU.ActiveCfg = Release|Any CPU
		{CED41875-1F7B-44DB-B3D6-9F8A68793890}.EasyTest|Any CPU.Build.0 = Release|Any CPU
		{CED41875-1F7B-44DB-B3D6-9F8A68793890}.Release|Any CPU.ActiveCfg = Release|Any CPU
		{CED41875-1F7B-44DB-B3D6-9F8A68793890}.Release|Any CPU.Build.0 = Release|Any CPU
		{E0D01C04-A937-4415-98E3-866E764A9A5A}.Debug|Any CPU.ActiveCfg = Debug|Any CPU
		{E0D01C04-A937-4415-98E3-866E764A9A5A}.Debug|Any CPU.Build.0 = Debug|Any CPU
		{E0D01C04-A937-4415-98E3-866E764A9A5A}.EasyTest|Any CPU.ActiveCfg = Release|Any CPU
		{E0D01C04-A937-4415-98E3-866E764A9A5A}.EasyTest|Any CPU.Build.0 = Release|Any CPU
		{E0D01C04-A937-4415-98E3-866E764A9A5A}.Release|Any CPU.ActiveCfg = Release|Any CPU
		{E0D01C04-A937-4415-98E3-866E764A9A5A}.Release|Any CPU.Build.0 = Release|Any CPU
		{6C26BC52-8E4C-4969-A670-CC29D14BB019}.Debug|Any CPU.ActiveCfg = Debug|Any CPU
		{6C26BC52-8E4C-4969-A670-CC29D14BB019}.Debug|Any CPU.Build.0 = Debug|Any CPU
		{6C26BC52-8E4C-4969-A670-CC29D14BB019}.EasyTest|Any CPU.ActiveCfg = Release|Any CPU
		{6C26BC52-8E4C-4969-A670-CC29D14BB019}.EasyTest|Any CPU.Build.0 = Release|Any CPU
		{6C26BC52-8E4C-4969-A670-CC29D14BB019}.Release|Any CPU.ActiveCfg = Release|Any CPU
		{6C26BC52-8E4C-4969-A670-CC29D14BB019}.Release|Any CPU.Build.0 = Release|Any CPU
		{32686E0B-9C1A-42E0-A105-5E031496E813}.Debug|Any CPU.ActiveCfg = Debug|Any CPU
		{32686E0B-9C1A-42E0-A105-5E031496E813}.Debug|Any CPU.Build.0 = Debug|Any CPU
		{32686E0B-9C1A-42E0-A105-5E031496E813}.EasyTest|Any CPU.ActiveCfg = Release|Any CPU
		{32686E0B-9C1A-42E0-A105-5E031496E813}.EasyTest|Any CPU.Build.0 = Release|Any CPU
		{32686E0B-9C1A-42E0-A105-5E031496E813}.Release|Any CPU.ActiveCfg = Release|Any CPU
		{32686E0B-9C1A-42E0-A105-5E031496E813}.Release|Any CPU.Build.0 = Release|Any CPU
		{114543B0-5ED7-4E01-B86C-804F68163A25}.Debug|Any CPU.ActiveCfg = Debug|Any CPU
		{114543B0-5ED7-4E01-B86C-804F68163A25}.Debug|Any CPU.Build.0 = Debug|Any CPU
		{114543B0-5ED7-4E01-B86C-804F68163A25}.EasyTest|Any CPU.ActiveCfg = Release|Any CPU
		{114543B0-5ED7-4E01-B86C-804F68163A25}.EasyTest|Any CPU.Build.0 = Release|Any CPU
		{114543B0-5ED7-4E01-B86C-804F68163A25}.Release|Any CPU.ActiveCfg = Release|Any CPU
		{114543B0-5ED7-4E01-B86C-804F68163A25}.Release|Any CPU.Build.0 = Release|Any CPU
		{25CB6F28-349D-479B-B093-80B0B8A4E08B}.Debug|Any CPU.ActiveCfg = Debug|Any CPU
		{25CB6F28-349D-479B-B093-80B0B8A4E08B}.Debug|Any CPU.Build.0 = Debug|Any CPU
		{25CB6F28-349D-479B-B093-80B0B8A4E08B}.EasyTest|Any CPU.ActiveCfg = Release|Any CPU
		{25CB6F28-349D-479B-B093-80B0B8A4E08B}.EasyTest|Any CPU.Build.0 = Release|Any CPU
		{25CB6F28-349D-479B-B093-80B0B8A4E08B}.Release|Any CPU.ActiveCfg = Release|Any CPU
		{25CB6F28-349D-479B-B093-80B0B8A4E08B}.Release|Any CPU.Build.0 = Release|Any CPU
	EndGlobalSection
	GlobalSection(SolutionProperties) = preSolution
		HideSolutionNode = FALSE
	EndGlobalSection
	GlobalSection(NestedProjects) = preSolution
		{5F15837D-D1E5-44DC-92F0-4F2EBE9C3F8D} = {63D767EF-B8F2-41A4-BE0B-A926793DBC80}
		{7964F87D-BC5D-4C4E-8B2F-71E89739AA97} = {63D767EF-B8F2-41A4-BE0B-A926793DBC80}
		{0C729AAD-7626-4668-A7F1-35F7D240489D} = {63D767EF-B8F2-41A4-BE0B-A926793DBC80}
		{82A6DBC9-B1B4-44E4-9718-55DF930CD349} = {63D767EF-B8F2-41A4-BE0B-A926793DBC80}
		{D05D93DF-312D-4D4E-B980-726871EC7833} = {63D767EF-B8F2-41A4-BE0B-A926793DBC80}
		{C3A90309-E359-41DF-B6AC-C8EBE4225090} = {253A65B2-189C-4DD1-A653-0A3186AC40B4}
		{DCFE8C2C-4993-4B2D-ADB6-5D8232EBAA36} = {253A65B2-189C-4DD1-A653-0A3186AC40B4}
		{567AC821-CFB9-496C-9855-15381E8F91C5} = {253A65B2-189C-4DD1-A653-0A3186AC40B4}
		{C6BA4490-17BB-4B59-B3CD-006F59632E96} = {253A65B2-189C-4DD1-A653-0A3186AC40B4}
		{A5FB032C-DAED-476F-A563-4ABFD7EE5635} = {253A65B2-189C-4DD1-A653-0A3186AC40B4}
		{CED41875-1F7B-44DB-B3D6-9F8A68793890} = {253A65B2-189C-4DD1-A653-0A3186AC40B4}
		{EF8833F0-4F83-44ED-88AD-5FD302AE5AE9} = {253A65B2-189C-4DD1-A653-0A3186AC40B4}
		{25CB6F28-349D-479B-B093-80B0B8A4E08B} = {253A65B2-189C-4DD1-A653-0A3186AC40B4}
		{6C26BC52-8E4C-4969-A670-CC29D14BB019} = {EF8833F0-4F83-44ED-88AD-5FD302AE5AE9}
		{32686E0B-9C1A-42E0-A105-5E031496E813} = {EF8833F0-4F83-44ED-88AD-5FD302AE5AE9}
		{114543B0-5ED7-4E01-B86C-804F68163A25} = {EF8833F0-4F83-44ED-88AD-5FD302AE5AE9}
		{E0D01C04-A937-4415-98E3-866E764A9A5A} = {EF8833F0-4F83-44ED-88AD-5FD302AE5AE9}
	EndGlobalSection
EndGlobal
